
Microsoft Visual Studio Solution File, Format Version 12.00
# Visual Studio 15
VisualStudioVersion = 15.0.28307.329
MinimumVisualStudioVersion = 10.0.40219.1
Project("{FAE04EC0-301F-11D3-BF4B-00C04F79EFBC}") = "BusinessDataAccess", "BusinessDataAccess\BusinessDataAccess.csproj", "{CD3F33AA-5586-4F72-A89A-E145FEF3DBA8}"
EndProject
Project("{2150E333-8FDC-42A3-9474-1A3956D46DE8}") = "SharedLibraries", "SharedLibraries", "{0C605F73-4BBC-4B06-9B2A-609544CA3CAE}"
EndProject
Project("{FAE04EC0-301F-11D3-BF4B-00C04F79EFBC}") = "BusinessDataAccessDefinition", "..\BusinessDataAccessDefinition\BusinessDataAccessDefinition.csproj", "{95F01121-D935-4FB6-ABF8-287CDD820773}"
EndProject
Project("{FAE04EC0-301F-11D3-BF4B-00C04F79EFBC}") = "BusinessEntitties", "..\BusinessEntitties\BusinessEntitties.csproj", "{0FC4FEE0-8B29-4C2D-8948-3E6E9A3BBA87}"
EndProject
Project("{FAE04EC0-301F-11D3-BF4B-00C04F79EFBC}") = "ReviewAPIMicroService", "..\ReviewAPIMicroService\ReviewAPIMicroService.csproj", "{AEBFB110-D3C0-4A0B-8666-98C68C7C5D29}"
EndProject
Project("{FAE04EC0-301F-11D3-BF4B-00C04F79EFBC}") = "Common", "..\Common\Common.csproj", "{83FEB157-8F59-4C51-887C-218705971D8A}"
EndProject
Global
	GlobalSection(SolutionConfigurationPlatforms) = preSolution
		Debug|Any CPU = Debug|Any CPU
		Release|Any CPU = Release|Any CPU
	EndGlobalSection
	GlobalSection(ProjectConfigurationPlatforms) = postSolution
		{CD3F33AA-5586-4F72-A89A-E145FEF3DBA8}.Debug|Any CPU.ActiveCfg = Debug|Any CPU
		{CD3F33AA-5586-4F72-A89A-E145FEF3DBA8}.Debug|Any CPU.Build.0 = Debug|Any CPU
		{CD3F33AA-5586-4F72-A89A-E145FEF3DBA8}.Release|Any CPU.ActiveCfg = Release|Any CPU
		{CD3F33AA-5586-4F72-A89A-E145FEF3DBA8}.Release|Any CPU.Build.0 = Release|Any CPU
		{95F01121-D935-4FB6-ABF8-287CDD820773}.Debug|Any CPU.ActiveCfg = Debug|Any CPU
		{95F01121-D935-4FB6-ABF8-287CDD820773}.Debug|Any CPU.Build.0 = Debug|Any CPU
		{95F01121-D935-4FB6-ABF8-287CDD820773}.Release|Any CPU.ActiveCfg = Release|Any CPU
		{95F01121-D935-4FB6-ABF8-287CDD820773}.Release|Any CPU.Build.0 = Release|Any CPU
		{0FC4FEE0-8B29-4C2D-8948-3E6E9A3BBA87}.Debug|Any CPU.ActiveCfg = Debug|Any CPU
		{0FC4FEE0-8B29-4C2D-8948-3E6E9A3BBA87}.Debug|Any CPU.Build.0 = Debug|Any CPU
		{0FC4FEE0-8B29-4C2D-8948-3E6E9A3BBA87}.Release|Any CPU.ActiveCfg = Release|Any CPU
		{0FC4FEE0-8B29-4C2D-8948-3E6E9A3BBA87}.Release|Any CPU.Build.0 = Release|Any CPU
		{AEBFB110-D3C0-4A0B-8666-98C68C7C5D29}.Debug|Any CPU.ActiveCfg = Debug|Any CPU
		{AEBFB110-D3C0-4A0B-8666-98C68C7C5D29}.Debug|Any CPU.Build.0 = Debug|Any CPU
		{AEBFB110-D3C0-4A0B-8666-98C68C7C5D29}.Release|Any CPU.ActiveCfg = Release|Any CPU
		{AEBFB110-D3C0-4A0B-8666-98C68C7C5D29}.Release|Any CPU.Build.0 = Release|Any CPU
		{83FEB157-8F59-4C51-887C-218705971D8A}.Debug|Any CPU.ActiveCfg = Debug|Any CPU
		{83FEB157-8F59-4C51-887C-218705971D8A}.Debug|Any CPU.Build.0 = Debug|Any CPU
		{83FEB157-8F59-4C51-887C-218705971D8A}.Release|Any CPU.ActiveCfg = Release|Any CPU
		{83FEB157-8F59-4C51-887C-218705971D8A}.Release|Any CPU.Build.0 = Release|Any CPU
	EndGlobalSection
	GlobalSection(SolutionProperties) = preSolution
		HideSolutionNode = FALSE
	EndGlobalSection
	GlobalSection(NestedProjects) = preSolution
		{CD3F33AA-5586-4F72-A89A-E145FEF3DBA8} = {0C605F73-4BBC-4B06-9B2A-609544CA3CAE}
		{95F01121-D935-4FB6-ABF8-287CDD820773} = {0C605F73-4BBC-4B06-9B2A-609544CA3CAE}
		{0FC4FEE0-8B29-4C2D-8948-3E6E9A3BBA87} = {0C605F73-4BBC-4B06-9B2A-609544CA3CAE}
		{83FEB157-8F59-4C51-887C-218705971D8A} = {0C605F73-4BBC-4B06-9B2A-609544CA3CAE}
	EndGlobalSection
	GlobalSection(ExtensibilityGlobals) = postSolution
		SolutionGuid = {D7998973-AF1F-4EAA-BA0C-C3A3896A42EE}
	EndGlobalSection
EndGlobal
